// !$*UTF8*$!
{
	archiveVersion = 1;
	classes = {
	};
	objectVersion = 56;
	objects = {

/* Begin PBXBuildFile section */
		CED0E8002C5A9E5B00A68675 /* AppDelegate.swift in Sources */ = {isa = PBXBuildFile; fileRef = CED0E7FF2C5A9E5B00A68675 /* AppDelegate.swift */; };
		CED0E8022C5A9E5B00A68675 /* SceneDelegate.swift in Sources */ = {isa = PBXBuildFile; fileRef = CED0E8012C5A9E5B00A68675 /* SceneDelegate.swift */; };
		CED0E8042C5A9E5B00A68675 /* ViewController.swift in Sources */ = {isa = PBXBuildFile; fileRef = CED0E8032C5A9E5B00A68675 /* ViewController.swift */; };
		CED0E8072C5A9E5B00A68675 /* Base in Resources */ = {isa = PBXBuildFile; fileRef = CED0E8062C5A9E5B00A68675 /* Base */; };
		CED0E80A2C5A9E5B00A68675 /* StreamMovieApp.xcdatamodeld in Sources */ = {isa = PBXBuildFile; fileRef = CED0E8082C5A9E5B00A68675 /* StreamMovieApp.xcdatamodeld */; };
		CED0E80C2C5A9E5D00A68675 /* Assets.xcassets in Resources */ = {isa = PBXBuildFile; fileRef = CED0E80B2C5A9E5D00A68675 /* Assets.xcassets */; };
		CED0E80F2C5A9E5D00A68675 /* Base in Resources */ = {isa = PBXBuildFile; fileRef = CED0E80E2C5A9E5D00A68675 /* Base */; };
/* End PBXBuildFile section */

/* Begin PBXFileReference section */
		CED0E7FC2C5A9E5B00A68675 /* StreamMovieApp.app */ = {isa = PBXFileReference; explicitFileType = wrapper.application; includeInIndex = 0; path = StreamMovieApp.app; sourceTree = BUILT_PRODUCTS_DIR; };
		CED0E7FF2C5A9E5B00A68675 /* AppDelegate.swift */ = {isa = PBXFileReference; lastKnownFileType = sourcecode.swift; path = AppDelegate.swift; sourceTree = "<group>"; };
		CED0E8012C5A9E5B00A68675 /* SceneDelegate.swift */ = {isa = PBXFileReference; lastKnownFileType = sourcecode.swift; path = SceneDelegate.swift; sourceTree = "<group>"; };
		CED0E8032C5A9E5B00A68675 /* ViewController.swift */ = {isa = PBXFileReference; lastKnownFileType = sourcecode.swift; path = ViewController.swift; sourceTree = "<group>"; };
		CED0E8062C5A9E5B00A68675 /* Base */ = {isa = PBXFileReference; lastKnownFileType = file.storyboard; name = Base; path = Base.lproj/Main.storyboard; sourceTree = "<group>"; };
		CED0E8092C5A9E5B00A68675 /* StreamMovieApp.xcdatamodel */ = {isa = PBXFileReference; lastKnownFileType = wrapper.xcdatamodel; path = StreamMovieApp.xcdatamodel; sourceTree = "<group>"; };
		CED0E80B2C5A9E5D00A68675 /* Assets.xcassets */ = {isa = PBXFileReference; lastKnownFileType = folder.assetcatalog; path = Assets.xcassets; sourceTree = "<group>"; };
		CED0E80E2C5A9E5D00A68675 /* Base */ = {isa = PBXFileReference; lastKnownFileType = file.storyboard; name = Base; path = Base.lproj/LaunchScreen.storyboard; sourceTree = "<group>"; };
		CED0E8102C5A9E5D00A68675 /* Info.plist */ = {isa = PBXFileReference; lastKnownFileType = text.plist.xml; path = Info.plist; sourceTree = "<group>"; };
/* End PBXFileReference section */

/* Begin PBXFrameworksBuildPhase section */
		CED0E7F92C5A9E5B00A68675 /* Frameworks */ = {
			isa = PBXFrameworksBuildPhase;
			buildActionMask = 2147483647;
			files = (
			);
			runOnlyForDeploymentPostprocessing = 0;
		};
/* End PBXFrameworksBuildPhase section */

/* Begin PBXGroup section */
		CED0E7F32C5A9E5B00A68675 = {
			isa = PBXGroup;
			children = (
				CED0E7FE2C5A9E5B00A68675 /* StreamMovieApp */,
				CED0E7FD2C5A9E5B00A68675 /* Products */,
			);
			sourceTree = "<group>";
		};
		CED0E7FD2C5A9E5B00A68675 /* Products */ = {
			isa = PBXGroup;
			children = (
				CED0E7FC2C5A9E5B00A68675 /* StreamMovieApp.app */,
			);
			name = Products;
			sourceTree = "<group>";
		};
		CED0E7FE2C5A9E5B00A68675 /* StreamMovieApp */ = {
			isa = PBXGroup;
			children = (
				CED0E7FF2C5A9E5B00A68675 /* AppDelegate.swift */,
				CED0E8012C5A9E5B00A68675 /* SceneDelegate.swift */,
				CED0E8032C5A9E5B00A68675 /* ViewController.swift */,
				CED0E8052C5A9E5B00A68675 /* Main.storyboard */,
				CED0E80B2C5A9E5D00A68675 /* Assets.xcassets */,
				CED0E80D2C5A9E5D00A68675 /* LaunchScreen.storyboard */,
				CED0E8102C5A9E5D00A68675 /* Info.plist */,
				CED0E8082C5A9E5B00A68675 /* StreamMovieApp.xcdatamodeld */,
			);
			path = StreamMovieApp;
			sourceTree = "<group>";
		};
/* End PBXGroup section */

/* Begin PBXNativeTarget section */
		CED0E7FB2C5A9E5B00A68675 /* StreamMovieApp */ = {
			isa = PBXNativeTarget;
			buildConfigurationList = CED0E8132C5A9E5D00A68675 /* Build configuration list for PBXNativeTarget "StreamMovieApp" */;
			buildPhases = (
				CED0E7F82C5A9E5B00A68675 /* Sources */,
				CED0E7F92C5A9E5B00A68675 /* Frameworks */,
				CED0E7FA2C5A9E5B00A68675 /* Resources */,
			);
			buildRules = (
			);
			dependencies = (
			);
			name = StreamMovieApp;
			productName = StreamMovieApp;
			productReference = CED0E7FC2C5A9E5B00A68675 /* StreamMovieApp.app */;
			productType = "com.apple.product-type.application";
		};
/* End PBXNativeTarget section */

/* Begin PBXProject section */
		CED0E7F42C5A9E5B00A68675 /* Project object */ = {
			isa = PBXProject;
			attributes = {
				BuildIndependentTargetsInParallel = 1;
				LastSwiftUpdateCheck = 1530;
				LastUpgradeCheck = 1530;
				TargetAttributes = {
					CED0E7FB2C5A9E5B00A68675 = {
						CreatedOnToolsVersion = 15.3;
					};
				};
			};
			buildConfigurationList = CED0E7F72C5A9E5B00A68675 /* Build configuration list for PBXProject "StreamMovieApp" */;
			compatibilityVersion = "Xcode 14.0";
			developmentRegion = en;
			hasScannedForEncodings = 0;
			knownRegions = (
				en,
				Base,
			);
			mainGroup = CED0E7F32C5A9E5B00A68675;
			productRefGroup = CED0E7FD2C5A9E5B00A68675 /* Products */;
			projectDirPath = "";
			projectRoot = "";
			targets = (
				CED0E7FB2C5A9E5B00A68675 /* StreamMovieApp */,
			);
		};
/* End PBXProject section */

/* Begin PBXResourcesBuildPhase section */
		CED0E7FA2C5A9E5B00A68675 /* Resources */ = {
			isa = PBXResourcesBuildPhase;
			buildActionMask = 2147483647;
			files = (
				CED0E80C2C5A9E5D00A68675 /* Assets.xcassets in Resources */,
				CED0E80F2C5A9E5D00A68675 /* Base in Resources */,
				CED0E8072C5A9E5B00A68675 /* Base in Resources */,
			);
			runOnlyForDeploymentPostprocessing = 0;
		};
/* End PBXResourcesBuildPhase section */

/* Begin PBXSourcesBuildPhase section */
		CED0E7F82C5A9E5B00A68675 /* Sources */ = {
			isa = PBXSourcesBuildPhase;
			buildActionMask = 2147483647;
			files = (
				CED0E80A2C5A9E5B00A68675 /* StreamMovieApp.xcdatamodeld in Sources */,
				CED0E8042C5A9E5B00A68675 /* ViewController.swift in Sources */,
				CED0E8002C5A9E5B00A68675 /* AppDelegate.swift in Sources */,
				CED0E8022C5A9E5B00A68675 /* SceneDelegate.swift in Sources */,
			);
			runOnlyForDeploymentPostprocessing = 0;
		};
/* End PBXSourcesBuildPhase section */

/* Begin PBXVariantGroup section */
		CED0E8052C5A9E5B00A68675 /* Main.storyboard */ = {
			isa = PBXVariantGroup;
			children = (
				CED0E8062C5A9E5B00A68675 /* Base */,
			);
			name = Main.storyboard;
			sourceTree = "<group>";
		};
		CED0E80D2C5A9E5D00A68675 /* LaunchScreen.storyboard */ = {
			isa = PBXVariantGroup;
			children = (
				CED0E80E2C5A9E5D00A68675 /* Base */,
			);
			name = LaunchScreen.storyboard;
			sourceTree = "<group>";
		};
/* End PBXVariantGroup section */

/* Begin XCBuildConfiguration section */
		CED0E8112C5A9E5D00A68675 /* Debug */ = {
			isa = XCBuildConfiguration;
			buildSettings = {
				ALWAYS_SEARCH_USER_PATHS = NO;
				ASSETCATALOG_COMPILER_GENERATE_SWIFT_ASSET_SYMBOL_EXTENSIONS = YES;
				CLANG_ANALYZER_NONNULL = YES;
				CLANG_ANALYZER_NUMBER_OBJECT_CONVERSION = YES_AGGRESSIVE;
				CLANG_CXX_LANGUAGE_STANDARD = "gnu++20";
				CLANG_ENABLE_MODULES = YES;
				CLANG_ENABLE_OBJC_ARC = YES;
				CLANG_ENABLE_OBJC_WEAK = YES;
				CLANG_WARN_BLOCK_CAPTURE_AUTORELEASING = YES;
				CLANG_WARN_BOOL_CONVERSION = YES;
				CLANG_WARN_COMMA = YES;
				CLANG_WARN_CONSTANT_CONVERSION = YES;
				CLANG_WARN_DEPRECATED_OBJC_IMPLEMENTATIONS = YES;
				CLANG_WARN_DIRECT_OBJC_ISA_USAGE = YES_ERROR;
				CLANG_WARN_DOCUMENTATION_COMMENTS = YES;
				CLANG_WARN_EMPTY_BODY = YES;
				CLANG_WARN_ENUM_CONVERSION = YES;
				CLANG_WARN_INFINITE_RECURSION = YES;
				CLANG_WARN_INT_CONVERSION = YES;
				CLANG_WARN_NON_LITERAL_NULL_CONVERSION = YES;
				CLANG_WARN_OBJC_IMPLICIT_RETAIN_SELF = YES;
				CLANG_WARN_OBJC_LITERAL_CONVERSION = YES;
				CLANG_WARN_OBJC_ROOT_CLASS = YES_ERROR;
				CLANG_WARN_QUOTED_INCLUDE_IN_FRAMEWORK_HEADER = YES;
				CLANG_WARN_RANGE_LOOP_ANALYSIS = YES;
				CLANG_WARN_STRICT_PROTOTYPES = YES;
				CLANG_WARN_SUSPICIOUS_MOVE = YES;
				CLANG_WARN_UNGUARDED_AVAILABILITY = YES_AGGRESSIVE;
				CLANG_WARN_UNREACHABLE_CODE = YES;
				CLANG_WARN__DUPLICATE_METHOD_MATCH = YES;
				COPY_PHASE_STRIP = NO;
				DEBUG_INFORMATION_FORMAT = dwarf;
				ENABLE_STRICT_OBJC_MSGSEND = YES;
				ENABLE_TESTABILITY = YES;
				ENABLE_USER_SCRIPT_SANDBOXING = YES;
				GCC_C_LANGUAGE_STANDARD = gnu17;
				GCC_DYNAMIC_NO_PIC = NO;
				GCC_NO_COMMON_BLOCKS = YES;
				GCC_OPTIMIZATION_LEVEL = 0;
				GCC_PREPROCESSOR_DEFINITIONS = (
					"DEBUG=1",
					"$(inherited)",
				);
				GCC_WARN_64_TO_32_BIT_CONVERSION = YES;
				GCC_WARN_ABOUT_RETURN_TYPE = YES_ERROR;
				GCC_WARN_UNDECLARED_SELECTOR = YES;
				GCC_WARN_UNINITIALIZED_AUTOS = YES_AGGRESSIVE;
				GCC_WARN_UNUSED_FUNCTION = YES;
				GCC_WARN_UNUSED_VARIABLE = YES;
				IPHONEOS_DEPLOYMENT_TARGET = 17.4;
				LOCALIZATION_PREFERS_STRING_CATALOGS = YES;
				MTL_ENABLE_DEBUG_INFO = INCLUDE_SOURCE;
				MTL_FAST_MATH = YES;
				ONLY_ACTIVE_ARCH = YES;
				SDKROOT = iphoneos;
				SWIFT_ACTIVE_COMPILATION_CONDITIONS = "DEBUG $(inherited)";
				SWIFT_OPTIMIZATION_LEVEL = "-Onone";
			};
			name = Debug;
		};
		CED0E8122C5A9E5D00A68675 /* Release */ = {
			isa = XCBuildConfiguration;
			buildSettings = {
				ALWAYS_SEARCH_USER_PATHS = NO;
				ASSETCATALOG_COMPILER_GENERATE_SWIFT_ASSET_SYMBOL_EXTENSIONS = YES;
				CLANG_ANALYZER_NONNULL = YES;
				CLANG_ANALYZER_NUMBER_OBJECT_CONVERSION = YES_AGGRESSIVE;
				CLANG_CXX_LANGUAGE_STANDARD = "gnu++20";
				CLANG_ENABLE_MODULES = YES;
				CLANG_ENABLE_OBJC_ARC = YES;
				CLANG_ENABLE_OBJC_WEAK = YES;
				CLANG_WARN_BLOCK_CAPTURE_AUTORELEASING = YES;
				CLANG_WARN_BOOL_CONVERSION = YES;
				CLANG_WARN_COMMA = YES;
				CLANG_WARN_CONSTANT_CONVERSION = YES;
				CLANG_WARN_DEPRECATED_OBJC_IMPLEMENTATIONS = YES;
				CLANG_WARN_DIRECT_OBJC_ISA_USAGE = YES_ERROR;
				CLANG_WARN_DOCUMENTATION_COMMENTS = YES;
				CLANG_WARN_EMPTY_BODY = YES;
				CLANG_WARN_ENUM_CONVERSION = YES;
				CLANG_WARN_INFINITE_RECURSION = YES;
				CLANG_WARN_INT_CONVERSION = YES;
				CLANG_WARN_NON_LITERAL_NULL_CONVERSION = YES;
				CLANG_WARN_OBJC_IMPLICIT_RETAIN_SELF = YES;
				CLANG_WARN_OBJC_LITERAL_CONVERSION = YES;
				CLANG_WARN_OBJC_ROOT_CLASS = YES_ERROR;
				CLANG_WARN_QUOTED_INCLUDE_IN_FRAMEWORK_HEADER = YES;
				CLANG_WARN_RANGE_LOOP_ANALYSIS = YES;
				CLANG_WARN_STRICT_PROTOTYPES = YES;
				CLANG_WARN_SUSPICIOUS_MOVE = YES;
				CLANG_WARN_UNGUARDED_AVAILABILITY = YES_AGGRESSIVE;
				CLANG_WARN_UNREACHABLE_CODE = YES;
				CLANG_WARN__DUPLICATE_METHOD_MATCH = YES;
				COPY_PHASE_STRIP = NO;
				DEBUG_INFORMATION_FORMAT = "dwarf-with-dsym";
				ENABLE_NS_ASSERTIONS = NO;
				ENABLE_STRICT_OBJC_MSGSEND = YES;
				ENABLE_USER_SCRIPT_SANDBOXING = YES;
				GCC_C_LANGUAGE_STANDARD = gnu17;
				GCC_NO_COMMON_BLOCKS = YES;
				GCC_WARN_64_TO_32_BIT_CONVERSION = YES;
				GCC_WARN_ABOUT_RETURN_TYPE = YES_ERROR;
				GCC_WARN_UNDECLARED_SELECTOR = YES;
				GCC_WARN_UNINITIALIZED_AUTOS = YES_AGGRESSIVE;
				GCC_WARN_UNUSED_FUNCTION = YES;
				GCC_WARN_UNUSED_VARIABLE = YES;
				IPHONEOS_DEPLOYMENT_TARGET = 17.4;
				LOCALIZATION_PREFERS_STRING_CATALOGS = YES;
				MTL_ENABLE_DEBUG_INFO = NO;
				MTL_FAST_MATH = YES;
				SDKROOT = iphoneos;
				SWIFT_COMPILATION_MODE = wholemodule;
				VALIDATE_PRODUCT = YES;
			};
			name = Release;
		};
		CED0E8142C5A9E5D00A68675 /* Debug */ = {
			isa = XCBuildConfiguration;
			buildSettings = {
				ASSETCATALOG_COMPILER_APPICON_NAME = AppIcon;
				ASSETCATALOG_COMPILER_GLOBAL_ACCENT_COLOR_NAME = AccentColor;
				CODE_SIGN_STYLE = Automatic;
				CURRENT_PROJECT_VERSION = 1;
				DEVELOPMENT_TEAM = 686RWM97KS;
				GENERATE_INFOPLIST_FILE = YES;
				INFOPLIST_FILE = StreamMovieApp/Info.plist;
				INFOPLIST_KEY_UIApplicationSupportsIndirectInputEvents = YES;
				INFOPLIST_KEY_UILaunchStoryboardName = LaunchScreen;
				INFOPLIST_KEY_UIMainStoryboardFile = Main;
				INFOPLIST_KEY_UISupportedInterfaceOrientations_iPad = "UIInterfaceOrientationPortrait UIInterfaceOrientationPortraitUpsideDown UIInterfaceOrientationLandscapeLeft UIInterfaceOrientationLandscapeRight";
				INFOPLIST_KEY_UISupportedInterfaceOrientations_iPhone = "UIInterfaceOrientationPortrait UIInterfaceOrientationLandscapeLeft UIInterfaceOrientationLandscapeRight";
				LD_RUNPATH_SEARCH_PATHS = (
					"$(inherited)",
					"@executable_path/Frameworks",
				);
				MARKETING_VERSION = 1.0;
				PRODUCT_BUNDLE_IDENTIFIER = com.company.StreamMovieApp;
				PRODUCT_NAME = "$(TARGET_NAME)";
				SWIFT_EMIT_LOC_STRINGS = YES;
				SWIFT_VERSION = 5.0;
				TARGETED_DEVICE_FAMILY = "1,2";
			};
			name = Debug;
		};
		CED0E8152C5A9E5D00A68675 /* Release */ = {
			isa = XCBuildConfiguration;
			buildSettings = {
				ASSETCATALOG_COMPILER_APPICON_NAME = AppIcon;
				ASSETCATALOG_COMPILER_GLOBAL_ACCENT_COLOR_NAME = AccentColor;
				CODE_SIGN_STYLE = Automatic;
				CURRENT_PROJECT_VERSION = 1;
				DEVELOPMENT_TEAM = 686RWM97KS;
				GENERATE_INFOPLIST_FILE = YES;
				INFOPLIST_FILE = StreamMovieApp/Info.plist;
				INFOPLIST_KEY_UIApplicationSupportsIndirectInputEvents = YES;
				INFOPLIST_KEY_UILaunchStoryboardName = LaunchScreen;
				INFOPLIST_KEY_UIMainStoryboardFile = Main;
				INFOPLIST_KEY_UISupportedInterfaceOrientations_iPad = "UIInterfaceOrientationPortrait UIInterfaceOrientationPortraitUpsideDown UIInterfaceOrientationLandscapeLeft UIInterfaceOrientationLandscapeRight";
				INFOPLIST_KEY_UISupportedInterfaceOrientations_iPhone = "UIInterfaceOrientationPortrait UIInterfaceOrientationLandscapeLeft UIInterfaceOrientationLandscapeRight";
				LD_RUNPATH_SEARCH_PATHS = (
					"$(inherited)",
					"@executable_path/Frameworks",
				);
				MARKETING_VERSION = 1.0;
				PRODUCT_BUNDLE_IDENTIFIER = com.company.StreamMovieApp;
				PRODUCT_NAME = "$(TARGET_NAME)";
				SWIFT_EMIT_LOC_STRINGS = YES;
				SWIFT_VERSION = 5.0;
				TARGETED_DEVICE_FAMILY = "1,2";
			};
			name = Release;
		};
/* End XCBuildConfiguration section */

/* Begin XCConfigurationList section */
		CED0E7F72C5A9E5B00A68675 /* Build configuration list for PBXProject "StreamMovieApp" */ = {
			isa = XCConfigurationList;
			buildConfigurations = (
				CED0E8112C5A9E5D00A68675 /* Debug */,
				CED0E8122C5A9E5D00A68675 /* Release */,
			);
			defaultConfigurationIsVisible = 0;
			defaultConfigurationName = Release;
		};
		CED0E8132C5A9E5D00A68675 /* Build configuration list for PBXNativeTarget "StreamMovieApp" */ = {
			isa = XCConfigurationList;
			buildConfigurations = (
				CED0E8142C5A9E5D00A68675 /* Debug */,
				CED0E8152C5A9E5D00A68675 /* Release */,
			);
			defaultConfigurationIsVisible = 0;
			defaultConfigurationName = Release;
		};
/* End XCConfigurationList section */

/* Begin XCVersionGroup section */
		CED0E8082C5A9E5B00A68675 /* StreamMovieApp.xcdatamodeld */ = {
			isa = XCVersionGroup;
			children = (
				CED0E8092C5A9E5B00A68675 /* StreamMovieApp.xcdatamodel */,
			);
			currentVersion = CED0E8092C5A9E5B00A68675 /* StreamMovieApp.xcdatamodel */;
			path = StreamMovieApp.xcdatamodeld;
			sourceTree = "<group>";
			versionGroupType = wrapper.xcdatamodel;
		};
/* End XCVersionGroup section */
	};
	rootObject = CED0E7F42C5A9E5B00A68675 /* Project object */;
}
